
Microsoft Visual Studio Solution File, Format Version 12.00
# Visual Studio Version 17
VisualStudioVersion = 17.5.33502.453
MinimumVisualStudioVersion = 10.0.40219.1
Project("{FAE04EC0-301F-11D3-BF4B-00C04F79EFBC}") = "MyAspNetCoreApp.Web", "MyAspNetCoreApp.Web\MyAspNetCoreApp.Web.csproj", "{07152A16-AAFE-4922-8AEE-81FEC0501989}"
EndProject
Global
	GlobalSection(SolutionConfigurationPlatforms) = preSolution
		Debug|Any CPU = Debug|Any CPU
		Release|Any CPU = Release|Any CPU
	EndGlobalSection
	GlobalSection(ProjectConfigurationPlatforms) = postSolution
		{07152A16-AAFE-4922-8AEE-81FEC0501989}.Debug|Any CPU.ActiveCfg = Debug|Any CPU
		{07152A16-AAFE-4922-8AEE-81FEC0501989}.Debug|Any CPU.Build.0 = Debug|Any CPU
		{07152A16-AAFE-4922-8AEE-81FEC0501989}.Release|Any CPU.ActiveCfg = Release|Any CPU
		{07152A16-AAFE-4922-8AEE-81FEC0501989}.Release|Any CPU.Build.0 = Release|Any CPU
	EndGlobalSection
	GlobalSection(SolutionProperties) = preSolution
		HideSolutionNode = FALSE
	EndGlobalSection
	GlobalSection(ExtensibilityGlobals) = postSolution
		SolutionGuid = {8BA48CCB-231C-4819-AAD5-BA4CC91B970C}
	EndGlobalSection
EndGlobal
